# This file is automatically @generated by Cargo.
# It is not intended for manual editing.
version = 4

[[package]]
name = "crossover"
version = "0.1.0"
dependencies = [
 "crossover-core",
 "crossover-platform-windows",
]

[[package]]
name = "crossover-core"
version = "0.1.0"
dependencies = [
 "crossover-platform",
 "crossover-protocol",
 "crossover-security",
]

[[package]]
name = "crossover-platform"
version = "0.1.0"

[[package]]
name = "crossover-platform-windows"
version = "0.1.0"
dependencies = [
 "crossover-platform",
]

[[package]]
name = "crossover-protocol"
version = "0.1.0"

[[package]]
name = "crossover-security"
version = "0.1.0"
dependencies = [
 "crossover-platform",
]
